
Microsoft Visual Studio Solution File, Format Version 12.00
# Visual Studio Version 16
VisualStudioVersion = 16.0.30204.135
MinimumVisualStudioVersion = 10.0.40219.1
Project("{FAE04EC0-301F-11D3-BF4B-00C04F79EFBC}") = "CardGames", "CardGames\CardGames.csproj", "{9A328D68-9043-48D0-A130-E9328930C7A9}"
EndProject
Project("{FAE04EC0-301F-11D3-BF4B-00C04F79EFBC}") = "Card.Lib", "Card.Lib\Card.Lib.csproj", "{73C10877-4A78-479D-B2BB-3455CC237312}"
EndProject
Project("{FAE04EC0-301F-11D3-BF4B-00C04F79EFBC}") = "Card.Test", "Card.Test\Card.Test.csproj", "{0F900C4D-3619-48C7-AE0C-68BD466F6E63}"
EndProject
Global
	GlobalSection(SolutionConfigurationPlatforms) = preSolution
		Debug|Any CPU = Debug|Any CPU
		Release|Any CPU = Release|Any CPU
	EndGlobalSection
	GlobalSection(ProjectConfigurationPlatforms) = postSolution
		{9A328D68-9043-48D0-A130-E9328930C7A9}.Debug|Any CPU.ActiveCfg = Debug|Any CPU
		{9A328D68-9043-48D0-A130-E9328930C7A9}.Debug|Any CPU.Build.0 = Debug|Any CPU
		{9A328D68-9043-48D0-A130-E9328930C7A9}.Release|Any CPU.ActiveCfg = Release|Any CPU
		{9A328D68-9043-48D0-A130-E9328930C7A9}.Release|Any CPU.Build.0 = Release|Any CPU
		{73C10877-4A78-479D-B2BB-3455CC237312}.Debug|Any CPU.ActiveCfg = Debug|Any CPU
		{73C10877-4A78-479D-B2BB-3455CC237312}.Debug|Any CPU.Build.0 = Debug|Any CPU
		{73C10877-4A78-479D-B2BB-3455CC237312}.Release|Any CPU.ActiveCfg = Release|Any CPU
		{73C10877-4A78-479D-B2BB-3455CC237312}.Release|Any CPU.Build.0 = Release|Any CPU
		{0F900C4D-3619-48C7-AE0C-68BD466F6E63}.Debug|Any CPU.ActiveCfg = Debug|Any CPU
		{0F900C4D-3619-48C7-AE0C-68BD466F6E63}.Debug|Any CPU.Build.0 = Debug|Any CPU
		{0F900C4D-3619-48C7-AE0C-68BD466F6E63}.Release|Any CPU.ActiveCfg = Release|Any CPU
		{0F900C4D-3619-48C7-AE0C-68BD466F6E63}.Release|Any CPU.Build.0 = Release|Any CPU
	EndGlobalSection
	GlobalSection(SolutionProperties) = preSolution
		HideSolutionNode = FALSE
	EndGlobalSection
	GlobalSection(ExtensibilityGlobals) = postSolution
		SolutionGuid = {B6D2EA7C-2CBE-40C3-9289-3F5F103BBE6C}
	EndGlobalSection
EndGlobal
